
Microsoft Visual Studio Solution File, Format Version 12.00
# Visual Studio Version 17
VisualStudioVersion = 17.12.35707.178
MinimumVisualStudioVersion = 10.0.40219.1
Project("{FAE04EC0-301F-11D3-BF4B-00C04F79EFBC}") = "Pertolio", "Pertolio\Pertolio.csproj", "{AA0AE404-C281-42D8-8145-E3BBAC045B46}"
EndProject
Project("{FAE04EC0-301F-11D3-BF4B-00C04F79EFBC}") = "Petfolio.Comunication", "Petfolio.Comunication\Petfolio.Comunication.csproj", "{5749D1CC-74AB-43E0-ACD5-57EC6ED44500}"
EndProject
Project("{FAE04EC0-301F-11D3-BF4B-00C04F79EFBC}") = "Petfolio.Aplication", "Petfolio.Aplication\Petfolio.Aplication.csproj", "{5063EB35-418E-4A68-A512-D025850D8F8D}"
EndProject
Global
	GlobalSection(SolutionConfigurationPlatforms) = preSolution
		Debug|Any CPU = Debug|Any CPU
		Release|Any CPU = Release|Any CPU
	EndGlobalSection
	GlobalSection(ProjectConfigurationPlatforms) = postSolution
		{AA0AE404-C281-42D8-8145-E3BBAC045B46}.Debug|Any CPU.ActiveCfg = Debug|Any CPU
		{AA0AE404-C281-42D8-8145-E3BBAC045B46}.Debug|Any CPU.Build.0 = Debug|Any CPU
		{AA0AE404-C281-42D8-8145-E3BBAC045B46}.Release|Any CPU.ActiveCfg = Release|Any CPU
		{AA0AE404-C281-42D8-8145-E3BBAC045B46}.Release|Any CPU.Build.0 = Release|Any CPU
		{5749D1CC-74AB-43E0-ACD5-57EC6ED44500}.Debug|Any CPU.ActiveCfg = Debug|Any CPU
		{5749D1CC-74AB-43E0-ACD5-57EC6ED44500}.Debug|Any CPU.Build.0 = Debug|Any CPU
		{5749D1CC-74AB-43E0-ACD5-57EC6ED44500}.Release|Any CPU.ActiveCfg = Release|Any CPU
		{5749D1CC-74AB-43E0-ACD5-57EC6ED44500}.Release|Any CPU.Build.0 = Release|Any CPU
		{5063EB35-418E-4A68-A512-D025850D8F8D}.Debug|Any CPU.ActiveCfg = Debug|Any CPU
		{5063EB35-418E-4A68-A512-D025850D8F8D}.Debug|Any CPU.Build.0 = Debug|Any CPU
		{5063EB35-418E-4A68-A512-D025850D8F8D}.Release|Any CPU.ActiveCfg = Release|Any CPU
		{5063EB35-418E-4A68-A512-D025850D8F8D}.Release|Any CPU.Build.0 = Release|Any CPU
	EndGlobalSection
	GlobalSection(SolutionProperties) = preSolution
		HideSolutionNode = FALSE
	EndGlobalSection
EndGlobal
